
Microsoft Visual Studio Solution File, Format Version 12.00
# Visual Studio Version 17
VisualStudioVersion = 17.4.33205.214
MinimumVisualStudioVersion = 10.0.40219.1
Project("{9A19103F-16F7-4668-BE54-9A1E7A4F7556}") = "AppSec", "AppSec\AppSec.csproj", "{A7DFFB0A-2A8C-45C5-9694-4AC6CECA8C5B}"
EndProject
Global
	GlobalSection(SolutionConfigurationPlatforms) = preSolution
		Debug|Any CPU = Debug|Any CPU
		Release|Any CPU = Release|Any CPU
	EndGlobalSection
	GlobalSection(ProjectConfigurationPlatforms) = postSolution
		{A7DFFB0A-2A8C-45C5-9694-4AC6CECA8C5B}.Debug|Any CPU.ActiveCfg = Debug|Any CPU
		{A7DFFB0A-2A8C-45C5-9694-4AC6CECA8C5B}.Debug|Any CPU.Build.0 = Debug|Any CPU
		{A7DFFB0A-2A8C-45C5-9694-4AC6CECA8C5B}.Release|Any CPU.ActiveCfg = Release|Any CPU
		{A7DFFB0A-2A8C-45C5-9694-4AC6CECA8C5B}.Release|Any CPU.Build.0 = Release|Any CPU
	EndGlobalSection
	GlobalSection(SolutionProperties) = preSolution
		HideSolutionNode = FALSE
	EndGlobalSection
	GlobalSection(ExtensibilityGlobals) = postSolution
		SolutionGuid = {A863DB44-7077-4420-8729-0D1BE8F6245F}
	EndGlobalSection
EndGlobal
